// !$*UTF8*$!
{
	archiveVersion = 1;
	classes = {
	};
	objectVersion = 56;
	objects = {

/* Begin PBXBuildFile section */
		96C617452BA0E66200781697 /* AppDelegate.swift in Sources */ = {isa = PBXBuildFile; fileRef = 96C617442BA0E66200781697 /* AppDelegate.swift */; };
		96C617472BA0E66200781697 /* SceneDelegate.swift in Sources */ = {isa = PBXBuildFile; fileRef = 96C617462BA0E66200781697 /* SceneDelegate.swift */; };
		96C617492BA0E66200781697 /* VideoVC.swift in Sources */ = {isa = PBXBuildFile; fileRef = 96C617482BA0E66200781697 /* VideoVC.swift */; };
		96C6174C2BA0E66200781697 /* Base in Resources */ = {isa = PBXBuildFile; fileRef = 96C6174B2BA0E66200781697 /* Base */; };
		96C6174E2BA0E66300781697 /* Assets.xcassets in Resources */ = {isa = PBXBuildFile; fileRef = 96C6174D2BA0E66300781697 /* Assets.xcassets */; };
		96C617512BA0E66300781697 /* Base in Resources */ = {isa = PBXBuildFile; fileRef = 96C617502BA0E66300781697 /* Base */; };
		96C6175A2BA0EE7800781697 /* VideoDTO.swift in Sources */ = {isa = PBXBuildFile; fileRef = 96C617592BA0EE7800781697 /* VideoDTO.swift */; };
		96C6175F2BA0EF6900781697 /* VideoCell.xib in Resources */ = {isa = PBXBuildFile; fileRef = 96C6175E2BA0EF6900781697 /* VideoCell.xib */; };
		96C617602BA0EF6900781697 /* VideoCell.swift in Sources */ = {isa = PBXBuildFile; fileRef = 96C6175D2BA0EF6900781697 /* VideoCell.swift */; };
/* End PBXBuildFile section */

/* Begin PBXFileReference section */
		96C617412BA0E66200781697 /* AlyoCase.app */ = {isa = PBXFileReference; explicitFileType = wrapper.application; includeInIndex = 0; path = AlyoCase.app; sourceTree = BUILT_PRODUCTS_DIR; };
		96C617442BA0E66200781697 /* AppDelegate.swift */ = {isa = PBXFileReference; lastKnownFileType = sourcecode.swift; path = AppDelegate.swift; sourceTree = "<group>"; };
		96C617462BA0E66200781697 /* SceneDelegate.swift */ = {isa = PBXFileReference; lastKnownFileType = sourcecode.swift; path = SceneDelegate.swift; sourceTree = "<group>"; };
		96C617482BA0E66200781697 /* VideoVC.swift */ = {isa = PBXFileReference; lastKnownFileType = sourcecode.swift; path = VideoVC.swift; sourceTree = "<group>"; };
		96C6174B2BA0E66200781697 /* Base */ = {isa = PBXFileReference; lastKnownFileType = file.storyboard; name = Base; path = Base.lproj/Main.storyboard; sourceTree = "<group>"; };
		96C6174D2BA0E66300781697 /* Assets.xcassets */ = {isa = PBXFileReference; lastKnownFileType = folder.assetcatalog; path = Assets.xcassets; sourceTree = "<group>"; };
		96C617502BA0E66300781697 /* Base */ = {isa = PBXFileReference; lastKnownFileType = file.storyboard; name = Base; path = Base.lproj/LaunchScreen.storyboard; sourceTree = "<group>"; };
		96C617522BA0E66300781697 /* Info.plist */ = {isa = PBXFileReference; lastKnownFileType = text.plist.xml; path = Info.plist; sourceTree = "<group>"; };
		96C617592BA0EE7800781697 /* VideoDTO.swift */ = {isa = PBXFileReference; lastKnownFileType = sourcecode.swift; path = VideoDTO.swift; sourceTree = "<group>"; };
		96C6175D2BA0EF6900781697 /* VideoCell.swift */ = {isa = PBXFileReference; lastKnownFileType = sourcecode.swift; path = VideoCell.swift; sourceTree = "<group>"; };
		96C6175E2BA0EF6900781697 /* VideoCell.xib */ = {isa = PBXFileReference; lastKnownFileType = file.xib; path = VideoCell.xib; sourceTree = "<group>"; };
/* End PBXFileReference section */

/* Begin PBXFrameworksBuildPhase section */
		96C6173E2BA0E66200781697 /* Frameworks */ = {
			isa = PBXFrameworksBuildPhase;
			buildActionMask = 2147483647;
			files = (
			);
			runOnlyForDeploymentPostprocessing = 0;
		};
/* End PBXFrameworksBuildPhase section */

/* Begin PBXGroup section */
		96C617382BA0E66200781697 = {
			isa = PBXGroup;
			children = (
				96C617432BA0E66200781697 /* AlyoCase */,
				96C617422BA0E66200781697 /* Products */,
			);
			sourceTree = "<group>";
		};
		96C617422BA0E66200781697 /* Products */ = {
			isa = PBXGroup;
			children = (
				96C617412BA0E66200781697 /* AlyoCase.app */,
			);
			name = Products;
			sourceTree = "<group>";
		};
		96C617432BA0E66200781697 /* AlyoCase */ = {
			isa = PBXGroup;
			children = (
				96C617582BA0E67200781697 /* Trivial  */,
				96C6175B2BA0EF4900781697 /* Components */,
				96C617522BA0E66300781697 /* Info.plist */,
				96C6174A2BA0E66200781697 /* Main.storyboard */,
				96C617482BA0E66200781697 /* VideoVC.swift */,
				96C617592BA0EE7800781697 /* VideoDTO.swift */,
			);
			path = AlyoCase;
			sourceTree = "<group>";
		};
		96C617582BA0E67200781697 /* Trivial  */ = {
			isa = PBXGroup;
			children = (
				96C617442BA0E66200781697 /* AppDelegate.swift */,
				96C617462BA0E66200781697 /* SceneDelegate.swift */,
				96C6174D2BA0E66300781697 /* Assets.xcassets */,
				96C6174F2BA0E66300781697 /* LaunchScreen.storyboard */,
			);
			path = "Trivial ";
			sourceTree = "<group>";
		};
		96C6175B2BA0EF4900781697 /* Components */ = {
			isa = PBXGroup;
			children = (
				96C6175C2BA0EF5300781697 /* CustomCell */,
			);
			path = Components;
			sourceTree = "<group>";
		};
		96C6175C2BA0EF5300781697 /* CustomCell */ = {
			isa = PBXGroup;
			children = (
				96C6175D2BA0EF6900781697 /* VideoCell.swift */,
				96C6175E2BA0EF6900781697 /* VideoCell.xib */,
			);
			path = CustomCell;
			sourceTree = "<group>";
		};
/* End PBXGroup section */

/* Begin PBXNativeTarget section */
		96C617402BA0E66200781697 /* AlyoCase */ = {
			isa = PBXNativeTarget;
			buildConfigurationList = 96C617552BA0E66300781697 /* Build configuration list for PBXNativeTarget "AlyoCase" */;
			buildPhases = (
				96C6173D2BA0E66200781697 /* Sources */,
				96C6173E2BA0E66200781697 /* Frameworks */,
				96C6173F2BA0E66200781697 /* Resources */,
			);
			buildRules = (
			);
			dependencies = (
			);
			name = AlyoCase;
			productName = AlyoCase;
			productReference = 96C617412BA0E66200781697 /* AlyoCase.app */;
			productType = "com.apple.product-type.application";
		};
/* End PBXNativeTarget section */

/* Begin PBXProject section */
		96C617392BA0E66200781697 /* Project object */ = {
			isa = PBXProject;
			attributes = {
				BuildIndependentTargetsInParallel = 1;
				LastSwiftUpdateCheck = 1530;
				LastUpgradeCheck = 1530;
				TargetAttributes = {
					96C617402BA0E66200781697 = {
						CreatedOnToolsVersion = 15.3;
					};
				};
			};
			buildConfigurationList = 96C6173C2BA0E66200781697 /* Build configuration list for PBXProject "AlyoCase" */;
			compatibilityVersion = "Xcode 14.0";
			developmentRegion = en;
			hasScannedForEncodings = 0;
			knownRegions = (
				en,
				Base,
			);
			mainGroup = 96C617382BA0E66200781697;
			productRefGroup = 96C617422BA0E66200781697 /* Products */;
			projectDirPath = "";
			projectRoot = "";
			targets = (
				96C617402BA0E66200781697 /* AlyoCase */,
			);
		};
/* End PBXProject section */

/* Begin PBXResourcesBuildPhase section */
		96C6173F2BA0E66200781697 /* Resources */ = {
			isa = PBXResourcesBuildPhase;
			buildActionMask = 2147483647;
			files = (
				96C6174E2BA0E66300781697 /* Assets.xcassets in Resources */,
				96C6175F2BA0EF6900781697 /* VideoCell.xib in Resources */,
				96C617512BA0E66300781697 /* Base in Resources */,
				96C6174C2BA0E66200781697 /* Base in Resources */,
			);
			runOnlyForDeploymentPostprocessing = 0;
		};
/* End PBXResourcesBuildPhase section */

/* Begin PBXSourcesBuildPhase section */
		96C6173D2BA0E66200781697 /* Sources */ = {
			isa = PBXSourcesBuildPhase;
			buildActionMask = 2147483647;
			files = (
				96C617602BA0EF6900781697 /* VideoCell.swift in Sources */,
				96C617492BA0E66200781697 /* VideoVC.swift in Sources */,
				96C617452BA0E66200781697 /* AppDelegate.swift in Sources */,
				96C617472BA0E66200781697 /* SceneDelegate.swift in Sources */,
				96C6175A2BA0EE7800781697 /* VideoDTO.swift in Sources */,
			);
			runOnlyForDeploymentPostprocessing = 0;
		};
/* End PBXSourcesBuildPhase section */

/* Begin PBXVariantGroup section */
		96C6174A2BA0E66200781697 /* Main.storyboard */ = {
			isa = PBXVariantGroup;
			children = (
				96C6174B2BA0E66200781697 /* Base */,
			);
			name = Main.storyboard;
			sourceTree = "<group>";
		};
		96C6174F2BA0E66300781697 /* LaunchScreen.storyboard */ = {
			isa = PBXVariantGroup;
			children = (
				96C617502BA0E66300781697 /* Base */,
			);
			name = LaunchScreen.storyboard;
			sourceTree = "<group>";
		};
/* End PBXVariantGroup section */

/* Begin XCBuildConfiguration section */
		96C617532BA0E66300781697 /* Debug */ = {
			isa = XCBuildConfiguration;
			buildSettings = {
				ALWAYS_SEARCH_USER_PATHS = NO;
				ASSETCATALOG_COMPILER_GENERATE_SWIFT_ASSET_SYMBOL_EXTENSIONS = YES;
				CLANG_ANALYZER_NONNULL = YES;
				CLANG_ANALYZER_NUMBER_OBJECT_CONVERSION = YES_AGGRESSIVE;
				CLANG_CXX_LANGUAGE_STANDARD = "gnu++20";
				CLANG_ENABLE_MODULES = YES;
				CLANG_ENABLE_OBJC_ARC = YES;
				CLANG_ENABLE_OBJC_WEAK = YES;
				CLANG_WARN_BLOCK_CAPTURE_AUTORELEASING = YES;
				CLANG_WARN_BOOL_CONVERSION = YES;
				CLANG_WARN_COMMA = YES;
				CLANG_WARN_CONSTANT_CONVERSION = YES;
				CLANG_WARN_DEPRECATED_OBJC_IMPLEMENTATIONS = YES;
				CLANG_WARN_DIRECT_OBJC_ISA_USAGE = YES_ERROR;
				CLANG_WARN_DOCUMENTATION_COMMENTS = YES;
				CLANG_WARN_EMPTY_BODY = YES;
				CLANG_WARN_ENUM_CONVERSION = YES;
				CLANG_WARN_INFINITE_RECURSION = YES;
				CLANG_WARN_INT_CONVERSION = YES;
				CLANG_WARN_NON_LITERAL_NULL_CONVERSION = YES;
				CLANG_WARN_OBJC_IMPLICIT_RETAIN_SELF = YES;
				CLANG_WARN_OBJC_LITERAL_CONVERSION = YES;
				CLANG_WARN_OBJC_ROOT_CLASS = YES_ERROR;
				CLANG_WARN_QUOTED_INCLUDE_IN_FRAMEWORK_HEADER = YES;
				CLANG_WARN_RANGE_LOOP_ANALYSIS = YES;
				CLANG_WARN_STRICT_PROTOTYPES = YES;
				CLANG_WARN_SUSPICIOUS_MOVE = YES;
				CLANG_WARN_UNGUARDED_AVAILABILITY = YES_AGGRESSIVE;
				CLANG_WARN_UNREACHABLE_CODE = YES;
				CLANG_WARN__DUPLICATE_METHOD_MATCH = YES;
				COPY_PHASE_STRIP = NO;
				DEBUG_INFORMATION_FORMAT = dwarf;
				ENABLE_STRICT_OBJC_MSGSEND = YES;
				ENABLE_TESTABILITY = YES;
				ENABLE_USER_SCRIPT_SANDBOXING = YES;
				GCC_C_LANGUAGE_STANDARD = gnu17;
				GCC_DYNAMIC_NO_PIC = NO;
				GCC_NO_COMMON_BLOCKS = YES;
				GCC_OPTIMIZATION_LEVEL = 0;
				GCC_PREPROCESSOR_DEFINITIONS = (
					"DEBUG=1",
					"$(inherited)",
				);
				GCC_WARN_64_TO_32_BIT_CONVERSION = YES;
				GCC_WARN_ABOUT_RETURN_TYPE = YES_ERROR;
				GCC_WARN_UNDECLARED_SELECTOR = YES;
				GCC_WARN_UNINITIALIZED_AUTOS = YES_AGGRESSIVE;
				GCC_WARN_UNUSED_FUNCTION = YES;
				GCC_WARN_UNUSED_VARIABLE = YES;
				IPHONEOS_DEPLOYMENT_TARGET = 17.4;
				LOCALIZATION_PREFERS_STRING_CATALOGS = YES;
				MTL_ENABLE_DEBUG_INFO = INCLUDE_SOURCE;
				MTL_FAST_MATH = YES;
				ONLY_ACTIVE_ARCH = YES;
				SDKROOT = iphoneos;
				SWIFT_ACTIVE_COMPILATION_CONDITIONS = "DEBUG $(inherited)";
				SWIFT_OPTIMIZATION_LEVEL = "-Onone";
			};
			name = Debug;
		};
		96C617542BA0E66300781697 /* Release */ = {
			isa = XCBuildConfiguration;
			buildSettings = {
				ALWAYS_SEARCH_USER_PATHS = NO;
				ASSETCATALOG_COMPILER_GENERATE_SWIFT_ASSET_SYMBOL_EXTENSIONS = YES;
				CLANG_ANALYZER_NONNULL = YES;
				CLANG_ANALYZER_NUMBER_OBJECT_CONVERSION = YES_AGGRESSIVE;
				CLANG_CXX_LANGUAGE_STANDARD = "gnu++20";
				CLANG_ENABLE_MODULES = YES;
				CLANG_ENABLE_OBJC_ARC = YES;
				CLANG_ENABLE_OBJC_WEAK = YES;
				CLANG_WARN_BLOCK_CAPTURE_AUTORELEASING = YES;
				CLANG_WARN_BOOL_CONVERSION = YES;
				CLANG_WARN_COMMA = YES;
				CLANG_WARN_CONSTANT_CONVERSION = YES;
				CLANG_WARN_DEPRECATED_OBJC_IMPLEMENTATIONS = YES;
				CLANG_WARN_DIRECT_OBJC_ISA_USAGE = YES_ERROR;
				CLANG_WARN_DOCUMENTATION_COMMENTS = YES;
				CLANG_WARN_EMPTY_BODY = YES;
				CLANG_WARN_ENUM_CONVERSION = YES;
				CLANG_WARN_INFINITE_RECURSION = YES;
				CLANG_WARN_INT_CONVERSION = YES;
				CLANG_WARN_NON_LITERAL_NULL_CONVERSION = YES;
				CLANG_WARN_OBJC_IMPLICIT_RETAIN_SELF = YES;
				CLANG_WARN_OBJC_LITERAL_CONVERSION = YES;
				CLANG_WARN_OBJC_ROOT_CLASS = YES_ERROR;
				CLANG_WARN_QUOTED_INCLUDE_IN_FRAMEWORK_HEADER = YES;
				CLANG_WARN_RANGE_LOOP_ANALYSIS = YES;
				CLANG_WARN_STRICT_PROTOTYPES = YES;
				CLANG_WARN_SUSPICIOUS_MOVE = YES;
				CLANG_WARN_UNGUARDED_AVAILABILITY = YES_AGGRESSIVE;
				CLANG_WARN_UNREACHABLE_CODE = YES;
				CLANG_WARN__DUPLICATE_METHOD_MATCH = YES;
				COPY_PHASE_STRIP = NO;
				DEBUG_INFORMATION_FORMAT = "dwarf-with-dsym";
				ENABLE_NS_ASSERTIONS = NO;
				ENABLE_STRICT_OBJC_MSGSEND = YES;
				ENABLE_USER_SCRIPT_SANDBOXING = YES;
				GCC_C_LANGUAGE_STANDARD = gnu17;
				GCC_NO_COMMON_BLOCKS = YES;
				GCC_WARN_64_TO_32_BIT_CONVERSION = YES;
				GCC_WARN_ABOUT_RETURN_TYPE = YES_ERROR;
				GCC_WARN_UNDECLARED_SELECTOR = YES;
				GCC_WARN_UNINITIALIZED_AUTOS = YES_AGGRESSIVE;
				GCC_WARN_UNUSED_FUNCTION = YES;
				GCC_WARN_UNUSED_VARIABLE = YES;
				IPHONEOS_DEPLOYMENT_TARGET = 17.4;
				LOCALIZATION_PREFERS_STRING_CATALOGS = YES;
				MTL_ENABLE_DEBUG_INFO = NO;
				MTL_FAST_MATH = YES;
				SDKROOT = iphoneos;
				SWIFT_COMPILATION_MODE = wholemodule;
				VALIDATE_PRODUCT = YES;
			};
			name = Release;
		};
		96C617562BA0E66300781697 /* Debug */ = {
			isa = XCBuildConfiguration;
			buildSettings = {
				ASSETCATALOG_COMPILER_APPICON_NAME = AppIcon;
				ASSETCATALOG_COMPILER_GLOBAL_ACCENT_COLOR_NAME = AccentColor;
				CODE_SIGN_STYLE = Automatic;
				CURRENT_PROJECT_VERSION = 1;
				DEVELOPMENT_TEAM = GQM8T6BKPB;
				GENERATE_INFOPLIST_FILE = YES;
				INFOPLIST_FILE = AlyoCase/Info.plist;
				INFOPLIST_KEY_UIApplicationSupportsIndirectInputEvents = YES;
				INFOPLIST_KEY_UILaunchStoryboardName = LaunchScreen;
				INFOPLIST_KEY_UIMainStoryboardFile = Main;
				INFOPLIST_KEY_UISupportedInterfaceOrientations_iPad = "UIInterfaceOrientationPortrait UIInterfaceOrientationPortraitUpsideDown UIInterfaceOrientationLandscapeLeft UIInterfaceOrientationLandscapeRight";
				INFOPLIST_KEY_UISupportedInterfaceOrientations_iPhone = "UIInterfaceOrientationPortrait UIInterfaceOrientationLandscapeLeft UIInterfaceOrientationLandscapeRight";
				IPHONEOS_DEPLOYMENT_TARGET = 15.0;
				LD_RUNPATH_SEARCH_PATHS = (
					"$(inherited)",
					"@executable_path/Frameworks",
				);
				MARKETING_VERSION = 1.0;
				PRODUCT_BUNDLE_IDENTIFIER = osman.sefa.ibis.AlyoCase;
				PRODUCT_NAME = "$(TARGET_NAME)";
				SUPPORTED_PLATFORMS = "iphoneos iphonesimulator";
				SUPPORTS_MACCATALYST = NO;
				SUPPORTS_MAC_DESIGNED_FOR_IPHONE_IPAD = NO;
				SUPPORTS_XR_DESIGNED_FOR_IPHONE_IPAD = NO;
				SWIFT_EMIT_LOC_STRINGS = YES;
				SWIFT_VERSION = 5.0;
				TARGETED_DEVICE_FAMILY = 1;
			};
			name = Debug;
		};
		96C617572BA0E66300781697 /* Release */ = {
			isa = XCBuildConfiguration;
			buildSettings = {
				ASSETCATALOG_COMPILER_APPICON_NAME = AppIcon;
				ASSETCATALOG_COMPILER_GLOBAL_ACCENT_COLOR_NAME = AccentColor;
				CODE_SIGN_STYLE = Automatic;
				CURRENT_PROJECT_VERSION = 1;
				DEVELOPMENT_TEAM = GQM8T6BKPB;
				GENERATE_INFOPLIST_FILE = YES;
				INFOPLIST_FILE = AlyoCase/Info.plist;
				INFOPLIST_KEY_UIApplicationSupportsIndirectInputEvents = YES;
				INFOPLIST_KEY_UILaunchStoryboardName = LaunchScreen;
				INFOPLIST_KEY_UIMainStoryboardFile = Main;
				INFOPLIST_KEY_UISupportedInterfaceOrientations_iPad = "UIInterfaceOrientationPortrait UIInterfaceOrientationPortraitUpsideDown UIInterfaceOrientationLandscapeLeft UIInterfaceOrientationLandscapeRight";
				INFOPLIST_KEY_UISupportedInterfaceOrientations_iPhone = "UIInterfaceOrientationPortrait UIInterfaceOrientationLandscapeLeft UIInterfaceOrientationLandscapeRight";
				IPHONEOS_DEPLOYMENT_TARGET = 15.0;
				LD_RUNPATH_SEARCH_PATHS = (
					"$(inherited)",
					"@executable_path/Frameworks",
				);
				MARKETING_VERSION = 1.0;
				PRODUCT_BUNDLE_IDENTIFIER = osman.sefa.ibis.AlyoCase;
				PRODUCT_NAME = "$(TARGET_NAME)";
				SUPPORTED_PLATFORMS = "iphoneos iphonesimulator";
				SUPPORTS_MACCATALYST = NO;
				SUPPORTS_MAC_DESIGNED_FOR_IPHONE_IPAD = NO;
				SUPPORTS_XR_DESIGNED_FOR_IPHONE_IPAD = NO;
				SWIFT_EMIT_LOC_STRINGS = YES;
				SWIFT_VERSION = 5.0;
				TARGETED_DEVICE_FAMILY = 1;
			};
			name = Release;
		};
/* End XCBuildConfiguration section */

/* Begin XCConfigurationList section */
		96C6173C2BA0E66200781697 /* Build configuration list for PBXProject "AlyoCase" */ = {
			isa = XCConfigurationList;
			buildConfigurations = (
				96C617532BA0E66300781697 /* Debug */,
				96C617542BA0E66300781697 /* Release */,
			);
			defaultConfigurationIsVisible = 0;
			defaultConfigurationName = Release;
		};
		96C617552BA0E66300781697 /* Build configuration list for PBXNativeTarget "AlyoCase" */ = {
			isa = XCConfigurationList;
			buildConfigurations = (
				96C617562BA0E66300781697 /* Debug */,
				96C617572BA0E66300781697 /* Release */,
			);
			defaultConfigurationIsVisible = 0;
			defaultConfigurationName = Release;
		};
/* End XCConfigurationList section */
	};
	rootObject = 96C617392BA0E66200781697 /* Project object */;
}
